{
  "name": "ljie123.github.io-own-version1",
  "lockfileVersion": 3,
  "requires": true,
  "packages": {
    "": {
      "dependencies": {
        "lychee": "^0.2.12"
      },
      "devDependencies": {
        "@shopify/prettier-plugin-liquid": "^1.4.0",
        "prettier": "^3.1.1"
      }
    },
    "node_modules/@shopify/liquid-html-parser": {
      "version": "2.2.0",
      "resolved": "https://registry.npmjs.org/@shopify/liquid-html-parser/-/liquid-html-parser-2.2.0.tgz",
      "integrity": "sha512-hD0XV+Re9BC3yMOshHCwU94LagW7LQTWPdtpU0IE/pMbco+ke7Hir1Ad7eloHAgzR+6iw4LzDEFuHFpKZWmGKw==",
      "dev": true,
      "license": "MIT",
      "dependencies": {
        "line-column": "^1.0.2",
        "ohm-js": "^16.3.0"
      }
    },
    "node_modules/@shopify/prettier-plugin-liquid": {
      "version": "1.4.0",
      "resolved": "https://registry.npmjs.org/@shopify/prettier-plugin-liquid/-/prettier-plugin-liquid-1.4.0.tgz",
      "integrity": "sha512-Fd0QiPi0bpSapUG0plri1+bLew9j//Q0MFKkBjkIG4RTJC76dycVysf5Dy7JvbvIjSJ4YFxaT0PBW5v9O7JItQ==",
      "dev": true,
      "license": "MIT",
      "dependencies": {
        "@shopify/liquid-html-parser": "^2.0.0",
        "html-styles": "^1.0.0"
      },
      "peerDependencies": {
        "prettier": "^2.0.0 || ^3.0.0"
      }
    },
    "node_modules/async": {
      "version": "0.1.22",
      "resolved": "https://registry.npmjs.org/async/-/async-0.1.22.tgz",
      "integrity": "sha512-2tEzliJmf5fHNafNwQLJXUasGzQCVctvsNkXmnlELHwypU0p08/rHohYvkqKIjyXpx+0rkrYv6QbhJ+UF4QkBg==",
      "engines": {
        "node": "*"
      }
    },
    "node_modules/buffalo": {
      "version": "0.1.3",
      "resolved": "https://registry.npmjs.org/buffalo/-/buffalo-0.1.3.tgz",
      "integrity": "sha512-LCN4KZKQ9tSTg2IMfq5Rrl8g3Vsx3D7X/iBhFjboUvwY0mgnngi/GkU9P7fQzkq0obFcTv4YHwgXyxGmfTIRzQ==",
      "dependencies": {
        "tosource": "0.1.1"
      },
      "engines": {
        "node": ">=0.4.0"
      }
    },
    "node_modules/generic-pool": {
      "version": "1.0.12",
      "resolved": "https://registry.npmjs.org/generic-pool/-/generic-pool-1.0.12.tgz",
      "integrity": "sha512-/FreBY2vliRCKXE+avFbi9pDEQFLPF1jqMM9EMHN7EgqrEUNYw8FOv26JJG3Sfw7THq3Kvk000PxkzjvAl510A==",
      "engines": {
        "node": ">= 0.2.0"
      }
    },
    "node_modules/html-styles": {
      "version": "1.0.0",
      "resolved": "https://registry.npmjs.org/html-styles/-/html-styles-1.0.0.tgz",
      "integrity": "sha512-cDl5dcj73oI4Hy0DSUNh54CAwslNLJRCCoO+RNkVo+sBrjA/0+7E/xzvj3zH/GxbbBLGJhE0hBe1eg+0FINC6w==",
      "dev": true,
      "license": "MIT"
    },
    "node_modules/isarray": {
      "version": "1.0.0",
      "resolved": "https://registry.npmjs.org/isarray/-/isarray-1.0.0.tgz",
      "integrity": "sha512-VLghIWNM6ELQzo7zwmcg0NmTVyWKYjvIeM83yjp0wRDTmUnrM678fQbcKBo6n2CJEF0szoG//ytg+TKla89ALQ==",
      "dev": true,
      "license": "MIT"
    },
    "node_modules/isobject": {
      "version": "2.1.0",
      "resolved": "https://registry.npmjs.org/isobject/-/isobject-2.1.0.tgz",
      "integrity": "sha512-+OUdGJlgjOBZDfxnDjYYG6zp487z0JGNQq3cYQYg5f5hKR+syHMsaztzGeml/4kGG55CSpKSpWTY+jYGgsHLgA==",
      "dev": true,
      "license": "MIT",
      "dependencies": {
        "isarray": "1.0.0"
      },
      "engines": {
        "node": ">=0.10.0"
      }
    },
    "node_modules/juicy": {
      "version": "0.2.5",
      "resolved": "https://registry.npmjs.org/juicy/-/juicy-0.2.5.tgz",
      "integrity": "sha512-mXr84tI+pKwMAnseKmSpPMVZ2KjkViPKo2i5eu5XQAacEXQrv80F1aIEecSZyQW2Ff1dPVsSNGPc1lEkVM/9Yg==",
      "deprecated": "This package is no longer maintained",
      "license": "MIT"
    },
    "node_modules/line-column": {
      "version": "1.0.2",
      "resolved": "https://registry.npmjs.org/line-column/-/line-column-1.0.2.tgz",
      "integrity": "sha512-Ktrjk5noGYlHsVnYWh62FLVs4hTb8A3e+vucNZMgPeAOITdshMSgv4cCZQeRDjm7+goqmo6+liZwTXo+U3sVww==",
      "dev": true,
      "license": "MIT",
      "dependencies": {
        "isarray": "^1.0.0",
        "isobject": "^2.0.0"
      }
    },
    "node_modules/lychee": {
      "version": "0.2.12",
      "resolved": "https://registry.npmjs.org/lychee/-/lychee-0.2.12.tgz",
      "integrity": "sha512-PdBo9+0mGIF7zSq/eY/h/7EIZIaFZI4AF9sHkz2sMjtTzpBoSc1jmrfgaXlzqqAFe4kwKcBo9CuytvehDOGuQw==",
      "dependencies": {
        "async": "0.1.22",
        "juicy": "0.2.5",
        "mongolian": "0.1.18",
        "pg": "2.11.2",
        "request": "2.68.0",
        "sanitizer": "0.0.15"
      }
    },
    "node_modules/mongolian": {
      "version": "0.1.18",
      "resolved": "https://registry.npmjs.org/mongolian/-/mongolian-0.1.18.tgz",
      "integrity": "sha512-gtEjtn5FfyKBslW0VjHf+hGqKU50NsGhDt4trPYfxlu3OqnWNSFkE0yJrTkwSaP1louLotFoWzKwUfOT9rOQ2w==",
      "dependencies": {
        "buffalo": "0.1.3",
        "taxman": "0.1.1",
        "waiter": "0.1.1"
      },
      "engines": {
        "node": ">=0.4.0"
      }
    },
    "node_modules/ohm-js": {
      "version": "16.6.0",
      "resolved": "https://registry.npmjs.org/ohm-js/-/ohm-js-16.6.0.tgz",
      "integrity": "sha512-X9P4koSGa7swgVQ0gt71UCYtkAQGOjciJPJAz74kDxWt8nXbH5HrDOQG6qBDH7SR40ktNv4x61BwpTDE9q4lRA==",
      "dev": true,
      "license": "MIT",
      "engines": {
        "node": ">=0.12.1"
      }
    },
    "node_modules/pg": {
      "version": "0.8.3",
      "resolved": "https://registry.npmjs.org/pg/-/pg-0.8.3.tgz",
      "integrity": "sha512-ablcQJGJmIx4y2muZSiyrPo1TyIFVGgz1smR8TyoVsdl1JU/g3+2aOAYJ0YQm+HRXBvHaSbG1y6fpBDSDtVxBA==",
      "hasInstallScript": true,
      "dependencies": {
        "generic-pool": "1.0.12"
      },
      "engines": {
        "node": ">= 0.8.0"
      }
    },
    "node_modules/prettier": {
      "version": "3.1.1",
      "resolved": "https://registry.npmjs.org/prettier/-/prettier-3.1.1.tgz",
      "integrity": "sha512-22UbSzg8luF4UuZtzgiUOfcGM8s4tjBv6dJRT7j275NXsy2jb4aJa4NNveul5x4eqlF1wuhuR2RElK71RvmVaw==",
      "dev": true,
      "license": "MIT",
      "bin": {
        "prettier": "bin/prettier.cjs"
      },
      "engines": {
        "node": ">=14"
      },
      "funding": {
        "url": "https://github.com/prettier/prettier?sponsor=1"
      }
    },
    "node_modules/request": {
      "version": "2.9.203",
      "resolved": "https://registry.npmjs.org/request/-/request-2.9.203.tgz",
      "integrity": "sha512-OWtna9w7yRI/gcfu3VaURgIwE1FHgbz5+fHGQ9GJTHcJ4+uvHnDjXd+N7mVDOv5+1fp1CRPzUSY2wcM345Z2Fw==",
      "deprecated": "request has been deprecated, see https://github.com/request/request/issues/3142",
      "engines": [
        "node >= 0.3.6"
      ]
    },
    "node_modules/sanitizer": {
      "version": "0.0.15",
      "resolved": "https://registry.npmjs.org/sanitizer/-/sanitizer-0.0.15.tgz",
      "integrity": "sha512-czIh3bPhxzhBUQsbJXMnvPClvh+tQTnY1bkQlHq1nUKyuCjcs/m6zG/gKU3CXet+xhS5vWKWkfZyCmL9/WFFKQ==",
      "engines": {
        "node": "*"
      }
    },
    "node_modules/taxman": {
      "version": "0.1.1",
      "resolved": "https://registry.npmjs.org/taxman/-/taxman-0.1.1.tgz",
      "integrity": "sha512-woTa2sNzlGapMORbp1PDDeyMl6/2RudPV1z7Wtdx7nzI+FzEawi84yPGzrq57nrkA/kEpWVJZ9K6sXQ9TIhNNg==",
      "engines": {
        "node": ">=0.4.0"
      }
    },
    "node_modules/tosource": {
      "version": "0.1.1",
      "resolved": "https://registry.npmjs.org/tosource/-/tosource-0.1.1.tgz",
      "integrity": "sha512-hTnpPZBZP4DggtRpIAxQi74N4z5vs+Yx3Wcj2CNWLAKPRidZbLN2y5bPn1NI5EoojGzQ1btLzaj7poqsiRsmQA==",
      "engines": {
        "node": ">=0.4.0"
      }
    },
    "node_modules/waiter": {
      "version": "0.1.1",
      "resolved": "https://registry.npmjs.org/waiter/-/waiter-0.1.1.tgz",
      "integrity": "sha512-OWMX6RloKF1S0uwF/czC08ZFTcksNFRSGeLu3mt7LhQ0daOvnJaKDtgGSULUvuFNfGe093VE9rRGbCo+ceyS+g==",
      "engines": {
        "node": ">=0.4.0"
      }
    }
  }
}
